Microsoft Visual Studio Solution File, Format Version 12.00
# Visual Studio Version 16
VisualStudioVersion = 16.0.32228.343
MinimumVisualStudioVersion = 10.0.40219.1
Project("{002A2DE9-8BB6-484D-9802-7E4AD4084715}") = "hipreme_engine", ".dub\hipreme_engine.visualdproj", "{70ED6889-099C-469A-8297-537C7998BE55}"
	ProjectSection(ProjectDependencies) = postProject
		{2F185C18-7AF4-4019-8E77-AC3E4E4F6B3F} = {2F185C18-7AF4-4019-8E77-AC3E4E4F6B3F}
		{519CB6E4-BDF0-4650-9859-4E99A7AFA04D} = {519CB6E4-BDF0-4650-9859-4E99A7AFA04D}
		{1198ACE8-2EEB-465C-A63D-2DAC7259E758} = {1198ACE8-2EEB-465C-A63D-2DAC7259E758}
		{E62EA465-716D-47B7-80A1-CFF7C1C3090D} = {E62EA465-716D-47B7-80A1-CFF7C1C3090D}
		{4E202EC9-F212-469D-86C1-16C18BBEB571} = {4E202EC9-F212-469D-86C1-16C18BBEB571}
		{970EB77E-BCE9-4CDE-9C3A-2DEEB95026A5} = {970EB77E-BCE9-4CDE-9C3A-2DEEB95026A5}
		{723FAAAF-C4A9-4D23-98F0-9B8282AEB5CD} = {723FAAAF-C4A9-4D23-98F0-9B8282AEB5CD}
		{5C846DE4-250A-4A74-9762-C18FF032AC59} = {5C846DE4-250A-4A74-9762-C18FF032AC59}
		{5BF7F5F4-5E34-4574-A2A9-651F9E72B36B} = {5BF7F5F4-5E34-4574-A2A9-651F9E72B36B}
		{7C0F4A04-FBBC-4484-BB05-D075F5647C7E} = {7C0F4A04-FBBC-4484-BB05-D075F5647C7E}
		{B518A7B3-81F8-4BDD-8D9D-EFD8217D81D7} = {B518A7B3-81F8-4BDD-8D9D-EFD8217D81D7}
		{727EB45D-A5B7-4EEB-9037-76BEEAD18AD8} = {727EB45D-A5B7-4EEB-9037-76BEEAD18AD8}
		{E7C93F88-7D7D-47CA-A771-F29537E8FF07} = {E7C93F88-7D7D-47CA-A771-F29537E8FF07}
		{9EC9BCF4-D566-4E66-90E8-CE35FE9682BF} = {9EC9BCF4-D566-4E66-90E8-CE35FE9682BF}
		{B3D69B54-9468-403F-AF37-A613235CE989} = {B3D69B54-9468-403F-AF37-A613235CE989}
		{948A2708-A091-47F5-B2B2-BF51E73A7259} = {948A2708-A091-47F5-B2B2-BF51E73A7259}
		{20D47181-0BA0-4BBD-87C1-7C3913B1B5B5} = {20D47181-0BA0-4BBD-87C1-7C3913B1B5B5}
		{E08EA765-08B5-4627-B5BC-5D8BC49633F3} = {E08EA765-08B5-4627-B5BC-5D8BC49633F3}
		{C6DFFEA2-CD2D-4718-9E16-C46B498AEDCC} = {C6DFFEA2-CD2D-4718-9E16-C46B498AEDCC}
		{46B733D5-092E-4185-985A-68B21F33776F} = {46B733D5-092E-4185-985A-68B21F33776F}
		{52EC23F8-6CC7-40AB-8C9F-C06ACC0F0FD1} = {52EC23F8-6CC7-40AB-8C9F-C06ACC0F0FD1}
		{D33C785E-2D6A-48F7-9E30-4119A34B0862} = {D33C785E-2D6A-48F7-9E30-4119A34B0862}
		{89C141B3-39F4-42C7-AB66-C73AEA87A759} = {89C141B3-39F4-42C7-AB66-C73AEA87A759}
		{AB8F96A4-1A12-46E6-B98B-580A408C416D} = {AB8F96A4-1A12-46E6-B98B-580A408C416D}
		{71C75B7A-3370-4B4B-B94E-E092F698FAAA} = {71C75B7A-3370-4B4B-B94E-E092F698FAAA}
		{A17C0DB6-B07C-49A6-A395-8854FB1007EF} = {A17C0DB6-B07C-49A6-A395-8854FB1007EF}
		{1BBC8FED-9872-4C13-907D-3DCF800D3B21} = {1BBC8FED-9872-4C13-907D-3DCF800D3B21}
		{E3ED048D-108E-42FD-A112-FD2F8A7CD10A} = {E3ED048D-108E-42FD-A112-FD2F8A7CD10A}
		{0987E0E7-1CD8-49EB-A461-D2579AAB9FDB} = {0987E0E7-1CD8-49EB-A461-D2579AAB9FDB}
		{622CDA28-C56B-4CF8-8C38-B4A6BCE067BB} = {622CDA28-C56B-4CF8-8C38-B4A6BCE067BB}
		{ED6FFEE1-C870-4FCC-9774-0B7E9A6D2381} = {ED6FFEE1-C870-4FCC-9774-0B7E9A6D2381}
		{6BE288B1-DBE2-4FF1-B7DC-6E26FFC38BEF} = {6BE288B1-DBE2-4FF1-B7DC-6E26FFC38BEF}
		{F3FB58AB-7C29-4F4B-9ADC-E51FDF0F6B5F} = {F3FB58AB-7C29-4F4B-9ADC-E51FDF0F6B5F}
		{1946EAE4-BC01-4EF3-93AA-CA1468DDCA84} = {1946EAE4-BC01-4EF3-93AA-CA1468DDCA84}
	EndProjectSection
EndProject
Project("{002A2DE9-8BB6-484D-9802-7E4AD4084715}") = "assets", ".dub\assets.visualdproj", "{2F185C18-7AF4-4019-8E77-AC3E4E4F6B3F}"
EndProject
Project("{002A2DE9-8BB6-484D-9802-7E4AD4084715}") = "filesystem", ".dub\filesystem.visualdproj", "{5C846DE4-250A-4A74-9762-C18FF032AC59}"
EndProject
Project("{002A2DE9-8BB6-484D-9802-7E4AD4084715}") = "error", ".dub\error.visualdproj", "{1BBC8FED-9872-4C13-907D-3DCF800D3B21}"
EndProject
Project("{002A2DE9-8BB6-484D-9802-7E4AD4084715}") = "console", ".dub\console.visualdproj", "{E3ED048D-108E-42FD-A112-FD2F8A7CD10A}"
EndProject
Project("{002A2DE9-8BB6-484D-9802-7E4AD4084715}") = "config", ".dub\config.visualdproj", "{0987E0E7-1CD8-49EB-A461-D2579AAB9FDB}"
EndProject
Project("{002A2DE9-8BB6-484D-9802-7E4AD4084715}") = "debugging", ".dub\debugging.visualdproj", "{622CDA28-C56B-4CF8-8C38-B4A6BCE067BB}"
EndProject
Project("{002A2DE9-8BB6-484D-9802-7E4AD4084715}") = "util", ".dub\util.visualdproj", "{F3FB58AB-7C29-4F4B-9ADC-E51FDF0F6B5F}"
EndProject
Project("{002A2DE9-8BB6-484D-9802-7E4AD4084715}") = "hipengine_api", ".dub\hipengine_api.visualdproj", "{ED6FFEE1-C870-4FCC-9774-0B7E9A6D2381}"
EndProject
Project("{002A2DE9-8BB6-484D-9802-7E4AD4084715}") = "font", ".dub\font.visualdproj", "{519CB6E4-BDF0-4650-9859-4E99A7AFA04D}"
EndProject
Project("{002A2DE9-8BB6-484D-9802-7E4AD4084715}") = "arsd-official_ttf", ".dub\arsd-official_ttf.visualdproj", "{5BF7F5F4-5E34-4574-A2A9-651F9E72B36B}"
EndProject
Project("{002A2DE9-8BB6-484D-9802-7E4AD4084715}") = "image", ".dub\image.visualdproj", "{E08EA765-08B5-4627-B5BC-5D8BC49633F3}"
EndProject
Project("{002A2DE9-8BB6-484D-9802-7E4AD4084715}") = "arsd-official_image_files", ".dub\arsd-official_image_files.visualdproj", "{46B733D5-092E-4185-985A-68B21F33776F}"
EndProject
Project("{002A2DE9-8BB6-484D-9802-7E4AD4084715}") = "arsd-official_bmp", ".dub\arsd-official_bmp.visualdproj", "{52EC23F8-6CC7-40AB-8C9F-C06ACC0F0FD1}"
EndProject
Project("{002A2DE9-8BB6-484D-9802-7E4AD4084715}") = "arsd-official_color_base", ".dub\arsd-official_color_base.visualdproj", "{71C75B7A-3370-4B4B-B94E-E092F698FAAA}"
EndProject
Project("{002A2DE9-8BB6-484D-9802-7E4AD4084715}") = "arsd-official_imageresize", ".dub\arsd-official_imageresize.visualdproj", "{D33C785E-2D6A-48F7-9E30-4119A34B0862}"
EndProject
Project("{002A2DE9-8BB6-484D-9802-7E4AD4084715}") = "arsd-official_jpeg", ".dub\arsd-official_jpeg.visualdproj", "{89C141B3-39F4-42C7-AB66-C73AEA87A759}"
EndProject
Project("{002A2DE9-8BB6-484D-9802-7E4AD4084715}") = "arsd-official_png", ".dub\arsd-official_png.visualdproj", "{AB8F96A4-1A12-46E6-B98B-580A408C416D}"
EndProject
Project("{002A2DE9-8BB6-484D-9802-7E4AD4084715}") = "arsd-official_svg", ".dub\arsd-official_svg.visualdproj", "{A17C0DB6-B07C-49A6-A395-8854FB1007EF}"
EndProject
Project("{002A2DE9-8BB6-484D-9802-7E4AD4084715}") = "renderer", ".dub\renderer.visualdproj", "{7C0F4A04-FBBC-4484-BB05-D075F5647C7E}"
EndProject
Project("{002A2DE9-8BB6-484D-9802-7E4AD4084715}") = "bind", ".dub\bind.visualdproj", "{727EB45D-A5B7-4EEB-9037-76BEEAD18AD8}"
EndProject
Project("{002A2DE9-8BB6-484D-9802-7E4AD4084715}") = "bindbc-loader", ".dub\bindbc-loader.visualdproj", "{948A2708-A091-47F5-B2B2-BF51E73A7259}"
EndProject
Project("{002A2DE9-8BB6-484D-9802-7E4AD4084715}") = "bindbc-lua", ".dub\bindbc-lua.visualdproj", "{E7C93F88-7D7D-47CA-A771-F29537E8FF07}"
EndProject
Project("{002A2DE9-8BB6-484D-9802-7E4AD4084715}") = "bindbc-openal", ".dub\bindbc-openal.visualdproj", "{9EC9BCF4-D566-4E66-90E8-CE35FE9682BF}"
EndProject
Project("{002A2DE9-8BB6-484D-9802-7E4AD4084715}") = "bindbc-opengl", ".dub\bindbc-opengl.visualdproj", "{B3D69B54-9468-403F-AF37-A613235CE989}"
EndProject
Project("{002A2DE9-8BB6-484D-9802-7E4AD4084715}") = "data", ".dub\data.visualdproj", "{20D47181-0BA0-4BBD-87C1-7C3913B1B5B5}"
EndProject
Project("{002A2DE9-8BB6-484D-9802-7E4AD4084715}") = "directx-d", ".dub\directx-d.visualdproj", "{C6DFFEA2-CD2D-4718-9E16-C46B498AEDCC}"
EndProject
Project("{002A2DE9-8BB6-484D-9802-7E4AD4084715}") = "math", ".dub\math.visualdproj", "{6BE288B1-DBE2-4FF1-B7DC-6E26FFC38BEF}"
EndProject
Project("{002A2DE9-8BB6-484D-9802-7E4AD4084715}") = "windowing", ".dub\windowing.visualdproj", "{1946EAE4-BC01-4EF3-93AA-CA1468DDCA84}"
EndProject
Project("{002A2DE9-8BB6-484D-9802-7E4AD4084715}") = "audio", ".dub\audio.visualdproj", "{1198ACE8-2EEB-465C-A63D-2DAC7259E758}"
EndProject
Project("{002A2DE9-8BB6-484D-9802-7E4AD4084715}") = "audio_decoding", ".dub\audio_decoding.visualdproj", "{E62EA465-716D-47B7-80A1-CFF7C1C3090D}"
EndProject
Project("{002A2DE9-8BB6-484D-9802-7E4AD4084715}") = "audio-formats", ".dub\audio-formats.visualdproj", "{4E202EC9-F212-469D-86C1-16C18BBEB571}"
EndProject
Project("{002A2DE9-8BB6-484D-9802-7E4AD4084715}") = "dplug_core", ".dub\dplug_core.visualdproj", "{970EB77E-BCE9-4CDE-9C3A-2DEEB95026A5}"
EndProject
Project("{002A2DE9-8BB6-484D-9802-7E4AD4084715}") = "intel-intrinsics", ".dub\intel-intrinsics.visualdproj", "{723FAAAF-C4A9-4D23-98F0-9B8282AEB5CD}"
EndProject
Project("{002A2DE9-8BB6-484D-9802-7E4AD4084715}") = "game", ".dub\game.visualdproj", "{B518A7B3-81F8-4BDD-8D9D-EFD8217D81D7}"
EndProject
Project("{2150E333-8FDC-42A3-9474-1A3956D46DE8}") = "modules", "modules", "{3AC93981-F309-46E8-9FC1-58EEB88A3F95}"
EndProject
Project("{2150E333-8FDC-42A3-9474-1A3956D46DE8}") = "libs", "libs", "{0F70B1BE-A92E-4A6C-A440-6597155AD424}"
EndProject
Project("{2150E333-8FDC-42A3-9474-1A3956D46DE8}") = "main", "main", "{3CEB918A-2F68-40B8-B859-9D1F35A5EADD}"
EndProject
Global
	GlobalSection(SolutionConfigurationPlatforms) = preSolution
		debug|x64 = debug|x64
	EndGlobalSection
	GlobalSection(ProjectConfigurationPlatforms) = postSolution
		{70ED6889-099C-469A-8297-537C7998BE55}.debug|x64.ActiveCfg = debug|x64
		{70ED6889-099C-469A-8297-537C7998BE55}.debug|x64.Build.0 = debug|x64
		{2F185C18-7AF4-4019-8E77-AC3E4E4F6B3F}.debug|x64.ActiveCfg = debug|x64
		{2F185C18-7AF4-4019-8E77-AC3E4E4F6B3F}.debug|x64.Build.0 = debug|x64
		{5C846DE4-250A-4A74-9762-C18FF032AC59}.debug|x64.ActiveCfg = debug|x64
		{5C846DE4-250A-4A74-9762-C18FF032AC59}.debug|x64.Build.0 = debug|x64
		{1BBC8FED-9872-4C13-907D-3DCF800D3B21}.debug|x64.ActiveCfg = debug|x64
		{1BBC8FED-9872-4C13-907D-3DCF800D3B21}.debug|x64.Build.0 = debug|x64
		{E3ED048D-108E-42FD-A112-FD2F8A7CD10A}.debug|x64.ActiveCfg = debug|x64
		{E3ED048D-108E-42FD-A112-FD2F8A7CD10A}.debug|x64.Build.0 = debug|x64
		{0987E0E7-1CD8-49EB-A461-D2579AAB9FDB}.debug|x64.ActiveCfg = debug|x64
		{0987E0E7-1CD8-49EB-A461-D2579AAB9FDB}.debug|x64.Build.0 = debug|x64
		{622CDA28-C56B-4CF8-8C38-B4A6BCE067BB}.debug|x64.ActiveCfg = debug|x64
		{622CDA28-C56B-4CF8-8C38-B4A6BCE067BB}.debug|x64.Build.0 = debug|x64
		{F3FB58AB-7C29-4F4B-9ADC-E51FDF0F6B5F}.debug|x64.ActiveCfg = debug|x64
		{F3FB58AB-7C29-4F4B-9ADC-E51FDF0F6B5F}.debug|x64.Build.0 = debug|x64
		{ED6FFEE1-C870-4FCC-9774-0B7E9A6D2381}.debug|x64.ActiveCfg = debug|x64
		{ED6FFEE1-C870-4FCC-9774-0B7E9A6D2381}.debug|x64.Build.0 = debug|x64
		{519CB6E4-BDF0-4650-9859-4E99A7AFA04D}.debug|x64.ActiveCfg = debug|x64
		{519CB6E4-BDF0-4650-9859-4E99A7AFA04D}.debug|x64.Build.0 = debug|x64
		{5BF7F5F4-5E34-4574-A2A9-651F9E72B36B}.debug|x64.ActiveCfg = debug|x64
		{5BF7F5F4-5E34-4574-A2A9-651F9E72B36B}.debug|x64.Build.0 = debug|x64
		{E08EA765-08B5-4627-B5BC-5D8BC49633F3}.debug|x64.ActiveCfg = debug|x64
		{E08EA765-08B5-4627-B5BC-5D8BC49633F3}.debug|x64.Build.0 = debug|x64
		{46B733D5-092E-4185-985A-68B21F33776F}.debug|x64.ActiveCfg = debug|x64
		{46B733D5-092E-4185-985A-68B21F33776F}.debug|x64.Build.0 = debug|x64
		{52EC23F8-6CC7-40AB-8C9F-C06ACC0F0FD1}.debug|x64.ActiveCfg = debug|x64
		{52EC23F8-6CC7-40AB-8C9F-C06ACC0F0FD1}.debug|x64.Build.0 = debug|x64
		{71C75B7A-3370-4B4B-B94E-E092F698FAAA}.debug|x64.ActiveCfg = debug|x64
		{71C75B7A-3370-4B4B-B94E-E092F698FAAA}.debug|x64.Build.0 = debug|x64
		{D33C785E-2D6A-48F7-9E30-4119A34B0862}.debug|x64.ActiveCfg = debug|x64
		{D33C785E-2D6A-48F7-9E30-4119A34B0862}.debug|x64.Build.0 = debug|x64
		{89C141B3-39F4-42C7-AB66-C73AEA87A759}.debug|x64.ActiveCfg = debug|x64
		{89C141B3-39F4-42C7-AB66-C73AEA87A759}.debug|x64.Build.0 = debug|x64
		{AB8F96A4-1A12-46E6-B98B-580A408C416D}.debug|x64.ActiveCfg = debug|x64
		{AB8F96A4-1A12-46E6-B98B-580A408C416D}.debug|x64.Build.0 = debug|x64
		{A17C0DB6-B07C-49A6-A395-8854FB1007EF}.debug|x64.ActiveCfg = debug|x64
		{A17C0DB6-B07C-49A6-A395-8854FB1007EF}.debug|x64.Build.0 = debug|x64
		{7C0F4A04-FBBC-4484-BB05-D075F5647C7E}.debug|x64.ActiveCfg = debug|x64
		{7C0F4A04-FBBC-4484-BB05-D075F5647C7E}.debug|x64.Build.0 = debug|x64
		{727EB45D-A5B7-4EEB-9037-76BEEAD18AD8}.debug|x64.ActiveCfg = debug|x64
		{727EB45D-A5B7-4EEB-9037-76BEEAD18AD8}.debug|x64.Build.0 = debug|x64
		{948A2708-A091-47F5-B2B2-BF51E73A7259}.debug|x64.ActiveCfg = debug|x64
		{948A2708-A091-47F5-B2B2-BF51E73A7259}.debug|x64.Build.0 = debug|x64
		{E7C93F88-7D7D-47CA-A771-F29537E8FF07}.debug|x64.ActiveCfg = debug|x64
		{E7C93F88-7D7D-47CA-A771-F29537E8FF07}.debug|x64.Build.0 = debug|x64
		{9EC9BCF4-D566-4E66-90E8-CE35FE9682BF}.debug|x64.ActiveCfg = debug|x64
		{9EC9BCF4-D566-4E66-90E8-CE35FE9682BF}.debug|x64.Build.0 = debug|x64
		{B3D69B54-9468-403F-AF37-A613235CE989}.debug|x64.ActiveCfg = debug|x64
		{B3D69B54-9468-403F-AF37-A613235CE989}.debug|x64.Build.0 = debug|x64
		{20D47181-0BA0-4BBD-87C1-7C3913B1B5B5}.debug|x64.ActiveCfg = debug|x64
		{20D47181-0BA0-4BBD-87C1-7C3913B1B5B5}.debug|x64.Build.0 = debug|x64
		{C6DFFEA2-CD2D-4718-9E16-C46B498AEDCC}.debug|x64.ActiveCfg = debug|x64
		{C6DFFEA2-CD2D-4718-9E16-C46B498AEDCC}.debug|x64.Build.0 = debug|x64
		{6BE288B1-DBE2-4FF1-B7DC-6E26FFC38BEF}.debug|x64.ActiveCfg = debug|x64
		{6BE288B1-DBE2-4FF1-B7DC-6E26FFC38BEF}.debug|x64.Build.0 = debug|x64
		{1946EAE4-BC01-4EF3-93AA-CA1468DDCA84}.debug|x64.ActiveCfg = debug|x64
		{1946EAE4-BC01-4EF3-93AA-CA1468DDCA84}.debug|x64.Build.0 = debug|x64
		{1198ACE8-2EEB-465C-A63D-2DAC7259E758}.debug|x64.ActiveCfg = debug|x64
		{1198ACE8-2EEB-465C-A63D-2DAC7259E758}.debug|x64.Build.0 = debug|x64
		{E62EA465-716D-47B7-80A1-CFF7C1C3090D}.debug|x64.ActiveCfg = debug|x64
		{E62EA465-716D-47B7-80A1-CFF7C1C3090D}.debug|x64.Build.0 = debug|x64
		{4E202EC9-F212-469D-86C1-16C18BBEB571}.debug|x64.ActiveCfg = debug|x64
		{4E202EC9-F212-469D-86C1-16C18BBEB571}.debug|x64.Build.0 = debug|x64
		{970EB77E-BCE9-4CDE-9C3A-2DEEB95026A5}.debug|x64.ActiveCfg = debug|x64
		{970EB77E-BCE9-4CDE-9C3A-2DEEB95026A5}.debug|x64.Build.0 = debug|x64
		{723FAAAF-C4A9-4D23-98F0-9B8282AEB5CD}.debug|x64.ActiveCfg = debug|x64
		{723FAAAF-C4A9-4D23-98F0-9B8282AEB5CD}.debug|x64.Build.0 = debug|x64
		{B518A7B3-81F8-4BDD-8D9D-EFD8217D81D7}.debug|x64.ActiveCfg = debug|x64
		{B518A7B3-81F8-4BDD-8D9D-EFD8217D81D7}.debug|x64.Build.0 = debug|x64
	EndGlobalSection
	GlobalSection(SolutionProperties) = preSolution
		HideSolutionNode = FALSE
	EndGlobalSection
	GlobalSection(NestedProjects) = preSolution
		{70ED6889-099C-469A-8297-537C7998BE55} = {3CEB918A-2F68-40B8-B859-9D1F35A5EADD}
		{2F185C18-7AF4-4019-8E77-AC3E4E4F6B3F} = {3AC93981-F309-46E8-9FC1-58EEB88A3F95}
		{5C846DE4-250A-4A74-9762-C18FF032AC59} = {3AC93981-F309-46E8-9FC1-58EEB88A3F95}
		{1BBC8FED-9872-4C13-907D-3DCF800D3B21} = {3AC93981-F309-46E8-9FC1-58EEB88A3F95}
		{E3ED048D-108E-42FD-A112-FD2F8A7CD10A} = {3AC93981-F309-46E8-9FC1-58EEB88A3F95}
		{0987E0E7-1CD8-49EB-A461-D2579AAB9FDB} = {3AC93981-F309-46E8-9FC1-58EEB88A3F95}
		{622CDA28-C56B-4CF8-8C38-B4A6BCE067BB} = {3AC93981-F309-46E8-9FC1-58EEB88A3F95}
		{F3FB58AB-7C29-4F4B-9ADC-E51FDF0F6B5F} = {3AC93981-F309-46E8-9FC1-58EEB88A3F95}
		{519CB6E4-BDF0-4650-9859-4E99A7AFA04D} = {3AC93981-F309-46E8-9FC1-58EEB88A3F95}
		{5BF7F5F4-5E34-4574-A2A9-651F9E72B36B} = {0F70B1BE-A92E-4A6C-A440-6597155AD424}
		{E08EA765-08B5-4627-B5BC-5D8BC49633F3} = {3AC93981-F309-46E8-9FC1-58EEB88A3F95}
		{46B733D5-092E-4185-985A-68B21F33776F} = {0F70B1BE-A92E-4A6C-A440-6597155AD424}
		{52EC23F8-6CC7-40AB-8C9F-C06ACC0F0FD1} = {0F70B1BE-A92E-4A6C-A440-6597155AD424}
		{71C75B7A-3370-4B4B-B94E-E092F698FAAA} = {0F70B1BE-A92E-4A6C-A440-6597155AD424}
		{D33C785E-2D6A-48F7-9E30-4119A34B0862} = {0F70B1BE-A92E-4A6C-A440-6597155AD424}
		{89C141B3-39F4-42C7-AB66-C73AEA87A759} = {0F70B1BE-A92E-4A6C-A440-6597155AD424}
		{AB8F96A4-1A12-46E6-B98B-580A408C416D} = {0F70B1BE-A92E-4A6C-A440-6597155AD424}
		{A17C0DB6-B07C-49A6-A395-8854FB1007EF} = {0F70B1BE-A92E-4A6C-A440-6597155AD424}
		{7C0F4A04-FBBC-4484-BB05-D075F5647C7E} = {3AC93981-F309-46E8-9FC1-58EEB88A3F95}
		{727EB45D-A5B7-4EEB-9037-76BEEAD18AD8} = {3AC93981-F309-46E8-9FC1-58EEB88A3F95}
		{948A2708-A091-47F5-B2B2-BF51E73A7259} = {0F70B1BE-A92E-4A6C-A440-6597155AD424}
		{E7C93F88-7D7D-47CA-A771-F29537E8FF07} = {0F70B1BE-A92E-4A6C-A440-6597155AD424}
		{9EC9BCF4-D566-4E66-90E8-CE35FE9682BF} = {0F70B1BE-A92E-4A6C-A440-6597155AD424}
		{B3D69B54-9468-403F-AF37-A613235CE989} = {0F70B1BE-A92E-4A6C-A440-6597155AD424}
		{20D47181-0BA0-4BBD-87C1-7C3913B1B5B5} = {3AC93981-F309-46E8-9FC1-58EEB88A3F95}
		{C6DFFEA2-CD2D-4718-9E16-C46B498AEDCC} = {0F70B1BE-A92E-4A6C-A440-6597155AD424}
		{6BE288B1-DBE2-4FF1-B7DC-6E26FFC38BEF} = {3AC93981-F309-46E8-9FC1-58EEB88A3F95}
		{1946EAE4-BC01-4EF3-93AA-CA1468DDCA84} = {3AC93981-F309-46E8-9FC1-58EEB88A3F95}
		{1198ACE8-2EEB-465C-A63D-2DAC7259E758} = {3AC93981-F309-46E8-9FC1-58EEB88A3F95}
		{E62EA465-716D-47B7-80A1-CFF7C1C3090D} = {3AC93981-F309-46E8-9FC1-58EEB88A3F95}
		{4E202EC9-F212-469D-86C1-16C18BBEB571} = {3AC93981-F309-46E8-9FC1-58EEB88A3F95}
		{970EB77E-BCE9-4CDE-9C3A-2DEEB95026A5} = {0F70B1BE-A92E-4A6C-A440-6597155AD424}
		{723FAAAF-C4A9-4D23-98F0-9B8282AEB5CD} = {0F70B1BE-A92E-4A6C-A440-6597155AD424}
		{B518A7B3-81F8-4BDD-8D9D-EFD8217D81D7} = {3AC93981-F309-46E8-9FC1-58EEB88A3F95}
	EndGlobalSection
	GlobalSection(ExtensibilityGlobals) = postSolution
		SolutionGuid = {70046D98-1BF5-4916-9B25-27EDF6D0A119}
	EndGlobalSection
EndGlobal
