Microsoft Visual Studio Solution File, Format Version 12.00
# Visual Studio Version 16
VisualStudioVersion = 16.0.32228.343
MinimumVisualStudioVersion = 10.0.40219.1
Project("{002A2DE9-8BB6-484D-9802-7E4AD4084715}") = "hipreme_engine", ".dub\hipreme_engine.visualdproj", "{FCB20D10-A4DE-416D-A514-BA529A6BFB28}"
	ProjectSection(ProjectDependencies) = postProject
		{A415F8B1-BB6B-4AFB-9740-43E798B510AB} = {A415F8B1-BB6B-4AFB-9740-43E798B510AB}
		{73CC2A2E-37CF-426F-A9BA-4BF41715666D} = {73CC2A2E-37CF-426F-A9BA-4BF41715666D}
		{42210745-306C-40E3-868A-22A6B9A4FB19} = {42210745-306C-40E3-868A-22A6B9A4FB19}
		{24169DB8-26BF-42CB-ABDB-F675E1BD251A} = {24169DB8-26BF-42CB-ABDB-F675E1BD251A}
		{E6C50876-7765-4243-A1D1-1D0EEEE8A693} = {E6C50876-7765-4243-A1D1-1D0EEEE8A693}
		{A9943868-C701-4AF8-8319-08672C274DA2} = {A9943868-C701-4AF8-8319-08672C274DA2}
		{26226190-DDEA-4105-ABF3-F694009B6A6B} = {26226190-DDEA-4105-ABF3-F694009B6A6B}
		{3A00A318-636B-45F7-A5B9-45F5BA57E563} = {3A00A318-636B-45F7-A5B9-45F5BA57E563}
		{843E579C-16F2-4888-9CC4-C5B70BF3A7C4} = {843E579C-16F2-4888-9CC4-C5B70BF3A7C4}
		{3FA341AA-9DD2-4A52-8575-61F880BF2335} = {3FA341AA-9DD2-4A52-8575-61F880BF2335}
		{9D190A10-4CA7-4FC9-A703-BC84DAB41B23} = {9D190A10-4CA7-4FC9-A703-BC84DAB41B23}
		{83B68667-D9FE-4684-B60A-D8A517FDBD71} = {83B68667-D9FE-4684-B60A-D8A517FDBD71}
		{BB2FC3ED-87F4-4C74-8307-63873AE01623} = {BB2FC3ED-87F4-4C74-8307-63873AE01623}
		{B9777722-8631-43FD-84B0-BFE0FB09E7C4} = {B9777722-8631-43FD-84B0-BFE0FB09E7C4}
		{7851FF0A-CCE6-4FD9-A1D3-8BD4A6F18C53} = {7851FF0A-CCE6-4FD9-A1D3-8BD4A6F18C53}
		{18B42E35-8873-4C9D-BE70-5629046D56C1} = {18B42E35-8873-4C9D-BE70-5629046D56C1}
		{E1CB83DB-1F8B-44D1-9D90-767CCE54766F} = {E1CB83DB-1F8B-44D1-9D90-767CCE54766F}
		{51DBF05B-A7DD-498E-9E99-BAC64C80EA19} = {51DBF05B-A7DD-498E-9E99-BAC64C80EA19}
		{732A9D87-D099-42C0-8874-F528757C89D9} = {732A9D87-D099-42C0-8874-F528757C89D9}
		{A17C04CA-EDE2-4E35-ABB3-EA10DA94FA12} = {A17C04CA-EDE2-4E35-ABB3-EA10DA94FA12}
		{67EEB211-548C-44DF-984C-47D57B7A318B} = {67EEB211-548C-44DF-984C-47D57B7A318B}
		{0AB68950-0E40-46AC-BB68-A70BCABD7521} = {0AB68950-0E40-46AC-BB68-A70BCABD7521}
		{BC1A04DA-A676-4D6C-9488-4225020539EE} = {BC1A04DA-A676-4D6C-9488-4225020539EE}
		{360B4E11-9C99-4B93-BC48-D6A518906F83} = {360B4E11-9C99-4B93-BC48-D6A518906F83}
		{843E439A-8A33-4329-A907-E4C5350FD8E1} = {843E439A-8A33-4329-A907-E4C5350FD8E1}
		{87D401CB-6036-49B0-AE0C-99FA49DAA6E7} = {87D401CB-6036-49B0-AE0C-99FA49DAA6E7}
		{16013CE3-7D1E-4DF2-B1A0-2728F76F95AE} = {16013CE3-7D1E-4DF2-B1A0-2728F76F95AE}
		{DA1B52F6-4D64-41AE-80A0-2DB44948C151} = {DA1B52F6-4D64-41AE-80A0-2DB44948C151}
		{8E9CD1DD-3F1B-4386-8007-088B9F856E3F} = {8E9CD1DD-3F1B-4386-8007-088B9F856E3F}
		{CA493A7C-6D5C-4D7D-8E58-5409EA109E27} = {CA493A7C-6D5C-4D7D-8E58-5409EA109E27}
		{E28A9058-A38A-4B76-A56D-8FCD77249E71} = {E28A9058-A38A-4B76-A56D-8FCD77249E71}
		{860280C6-00A7-4CD5-9E67-CA4E9B62E3EF} = {860280C6-00A7-4CD5-9E67-CA4E9B62E3EF}
		{E8117C33-36BB-4DB2-A427-B105A84490A4} = {E8117C33-36BB-4DB2-A427-B105A84490A4}
	EndProjectSection
EndProject
Project("{002A2DE9-8BB6-484D-9802-7E4AD4084715}") = "assets", ".dub\assets.visualdproj", "{A415F8B1-BB6B-4AFB-9740-43E798B510AB}"
EndProject
Project("{002A2DE9-8BB6-484D-9802-7E4AD4084715}") = "filesystem", ".dub\filesystem.visualdproj", "{3A00A318-636B-45F7-A5B9-45F5BA57E563}"
EndProject
Project("{002A2DE9-8BB6-484D-9802-7E4AD4084715}") = "error", ".dub\error.visualdproj", "{87D401CB-6036-49B0-AE0C-99FA49DAA6E7}"
EndProject
Project("{002A2DE9-8BB6-484D-9802-7E4AD4084715}") = "console", ".dub\console.visualdproj", "{16013CE3-7D1E-4DF2-B1A0-2728F76F95AE}"
EndProject
Project("{002A2DE9-8BB6-484D-9802-7E4AD4084715}") = "config", ".dub\config.visualdproj", "{DA1B52F6-4D64-41AE-80A0-2DB44948C151}"
EndProject
Project("{002A2DE9-8BB6-484D-9802-7E4AD4084715}") = "debugging", ".dub\debugging.visualdproj", "{8E9CD1DD-3F1B-4386-8007-088B9F856E3F}"
EndProject
Project("{002A2DE9-8BB6-484D-9802-7E4AD4084715}") = "util", ".dub\util.visualdproj", "{860280C6-00A7-4CD5-9E67-CA4E9B62E3EF}"
EndProject
Project("{002A2DE9-8BB6-484D-9802-7E4AD4084715}") = "font", ".dub\font.visualdproj", "{73CC2A2E-37CF-426F-A9BA-4BF41715666D}"
EndProject
Project("{002A2DE9-8BB6-484D-9802-7E4AD4084715}") = "arsd-official_ttf", ".dub\arsd-official_ttf.visualdproj", "{843E579C-16F2-4888-9CC4-C5B70BF3A7C4}"
EndProject
Project("{002A2DE9-8BB6-484D-9802-7E4AD4084715}") = "hipengine_api", ".dub\hipengine_api.visualdproj", "{CA493A7C-6D5C-4D7D-8E58-5409EA109E27}"
EndProject
Project("{002A2DE9-8BB6-484D-9802-7E4AD4084715}") = "image", ".dub\image.visualdproj", "{E1CB83DB-1F8B-44D1-9D90-767CCE54766F}"
EndProject
Project("{002A2DE9-8BB6-484D-9802-7E4AD4084715}") = "arsd-official_image_files", ".dub\arsd-official_image_files.visualdproj", "{732A9D87-D099-42C0-8874-F528757C89D9}"
EndProject
Project("{002A2DE9-8BB6-484D-9802-7E4AD4084715}") = "arsd-official_bmp", ".dub\arsd-official_bmp.visualdproj", "{A17C04CA-EDE2-4E35-ABB3-EA10DA94FA12}"
EndProject
Project("{002A2DE9-8BB6-484D-9802-7E4AD4084715}") = "arsd-official_color_base", ".dub\arsd-official_color_base.visualdproj", "{360B4E11-9C99-4B93-BC48-D6A518906F83}"
EndProject
Project("{002A2DE9-8BB6-484D-9802-7E4AD4084715}") = "arsd-official_imageresize", ".dub\arsd-official_imageresize.visualdproj", "{67EEB211-548C-44DF-984C-47D57B7A318B}"
EndProject
Project("{002A2DE9-8BB6-484D-9802-7E4AD4084715}") = "arsd-official_jpeg", ".dub\arsd-official_jpeg.visualdproj", "{0AB68950-0E40-46AC-BB68-A70BCABD7521}"
EndProject
Project("{002A2DE9-8BB6-484D-9802-7E4AD4084715}") = "arsd-official_png", ".dub\arsd-official_png.visualdproj", "{BC1A04DA-A676-4D6C-9488-4225020539EE}"
EndProject
Project("{002A2DE9-8BB6-484D-9802-7E4AD4084715}") = "arsd-official_svg", ".dub\arsd-official_svg.visualdproj", "{843E439A-8A33-4329-A907-E4C5350FD8E1}"
EndProject
Project("{002A2DE9-8BB6-484D-9802-7E4AD4084715}") = "renderer", ".dub\renderer.visualdproj", "{3FA341AA-9DD2-4A52-8575-61F880BF2335}"
EndProject
Project("{002A2DE9-8BB6-484D-9802-7E4AD4084715}") = "bind", ".dub\bind.visualdproj", "{9D190A10-4CA7-4FC9-A703-BC84DAB41B23}"
EndProject
Project("{002A2DE9-8BB6-484D-9802-7E4AD4084715}") = "bindbc-loader", ".dub\bindbc-loader.visualdproj", "{7851FF0A-CCE6-4FD9-A1D3-8BD4A6F18C53}"
EndProject
Project("{002A2DE9-8BB6-484D-9802-7E4AD4084715}") = "bindbc-lua", ".dub\bindbc-lua.visualdproj", "{83B68667-D9FE-4684-B60A-D8A517FDBD71}"
EndProject
Project("{002A2DE9-8BB6-484D-9802-7E4AD4084715}") = "bindbc-openal", ".dub\bindbc-openal.visualdproj", "{BB2FC3ED-87F4-4C74-8307-63873AE01623}"
EndProject
Project("{002A2DE9-8BB6-484D-9802-7E4AD4084715}") = "bindbc-opengl", ".dub\bindbc-opengl.visualdproj", "{B9777722-8631-43FD-84B0-BFE0FB09E7C4}"
EndProject
Project("{002A2DE9-8BB6-484D-9802-7E4AD4084715}") = "data", ".dub\data.visualdproj", "{18B42E35-8873-4C9D-BE70-5629046D56C1}"
EndProject
Project("{002A2DE9-8BB6-484D-9802-7E4AD4084715}") = "directx-d", ".dub\directx-d.visualdproj", "{51DBF05B-A7DD-498E-9E99-BAC64C80EA19}"
EndProject
Project("{002A2DE9-8BB6-484D-9802-7E4AD4084715}") = "math", ".dub\math.visualdproj", "{E28A9058-A38A-4B76-A56D-8FCD77249E71}"
EndProject
Project("{002A2DE9-8BB6-484D-9802-7E4AD4084715}") = "windowing", ".dub\windowing.visualdproj", "{E8117C33-36BB-4DB2-A427-B105A84490A4}"
EndProject
Project("{002A2DE9-8BB6-484D-9802-7E4AD4084715}") = "audio", ".dub\audio.visualdproj", "{42210745-306C-40E3-868A-22A6B9A4FB19}"
EndProject
Project("{002A2DE9-8BB6-484D-9802-7E4AD4084715}") = "audio_decoding", ".dub\audio_decoding.visualdproj", "{24169DB8-26BF-42CB-ABDB-F675E1BD251A}"
EndProject
Project("{002A2DE9-8BB6-484D-9802-7E4AD4084715}") = "audio-formats", ".dub\audio-formats.visualdproj", "{E6C50876-7765-4243-A1D1-1D0EEEE8A693}"
EndProject
Project("{002A2DE9-8BB6-484D-9802-7E4AD4084715}") = "dplug_core", ".dub\dplug_core.visualdproj", "{A9943868-C701-4AF8-8319-08672C274DA2}"
EndProject
Project("{002A2DE9-8BB6-484D-9802-7E4AD4084715}") = "intel-intrinsics", ".dub\intel-intrinsics.visualdproj", "{26226190-DDEA-4105-ABF3-F694009B6A6B}"
EndProject
Project("{2150E333-8FDC-42A3-9474-1A3956D46DE8}") = "main", "main", "{1232447A-D13B-460E-A35F-E1C0D6C3CB96}"
EndProject
Project("{2150E333-8FDC-42A3-9474-1A3956D46DE8}") = "modules", "modules", "{8E4F5BBE-FA44-46F5-B23D-0D771393FB34}"
EndProject
Project("{2150E333-8FDC-42A3-9474-1A3956D46DE8}") = "libs", "libs", "{19FECD40-82F8-444E-8603-788D17383BA1}"
EndProject
Global
	GlobalSection(SolutionConfigurationPlatforms) = preSolution
		debug|x64 = debug|x64
	EndGlobalSection
	GlobalSection(ProjectConfigurationPlatforms) = postSolution
		{FCB20D10-A4DE-416D-A514-BA529A6BFB28}.debug|x64.ActiveCfg = debug|x64
		{FCB20D10-A4DE-416D-A514-BA529A6BFB28}.debug|x64.Build.0 = debug|x64
		{A415F8B1-BB6B-4AFB-9740-43E798B510AB}.debug|x64.ActiveCfg = debug|x64
		{A415F8B1-BB6B-4AFB-9740-43E798B510AB}.debug|x64.Build.0 = debug|x64
		{3A00A318-636B-45F7-A5B9-45F5BA57E563}.debug|x64.ActiveCfg = debug|x64
		{3A00A318-636B-45F7-A5B9-45F5BA57E563}.debug|x64.Build.0 = debug|x64
		{87D401CB-6036-49B0-AE0C-99FA49DAA6E7}.debug|x64.ActiveCfg = debug|x64
		{87D401CB-6036-49B0-AE0C-99FA49DAA6E7}.debug|x64.Build.0 = debug|x64
		{16013CE3-7D1E-4DF2-B1A0-2728F76F95AE}.debug|x64.ActiveCfg = debug|x64
		{16013CE3-7D1E-4DF2-B1A0-2728F76F95AE}.debug|x64.Build.0 = debug|x64
		{DA1B52F6-4D64-41AE-80A0-2DB44948C151}.debug|x64.ActiveCfg = debug|x64
		{DA1B52F6-4D64-41AE-80A0-2DB44948C151}.debug|x64.Build.0 = debug|x64
		{8E9CD1DD-3F1B-4386-8007-088B9F856E3F}.debug|x64.ActiveCfg = debug|x64
		{8E9CD1DD-3F1B-4386-8007-088B9F856E3F}.debug|x64.Build.0 = debug|x64
		{860280C6-00A7-4CD5-9E67-CA4E9B62E3EF}.debug|x64.ActiveCfg = debug|x64
		{860280C6-00A7-4CD5-9E67-CA4E9B62E3EF}.debug|x64.Build.0 = debug|x64
		{73CC2A2E-37CF-426F-A9BA-4BF41715666D}.debug|x64.ActiveCfg = debug|x64
		{73CC2A2E-37CF-426F-A9BA-4BF41715666D}.debug|x64.Build.0 = debug|x64
		{843E579C-16F2-4888-9CC4-C5B70BF3A7C4}.debug|x64.ActiveCfg = debug|x64
		{843E579C-16F2-4888-9CC4-C5B70BF3A7C4}.debug|x64.Build.0 = debug|x64
		{CA493A7C-6D5C-4D7D-8E58-5409EA109E27}.debug|x64.ActiveCfg = debug|x64
		{CA493A7C-6D5C-4D7D-8E58-5409EA109E27}.debug|x64.Build.0 = debug|x64
		{E1CB83DB-1F8B-44D1-9D90-767CCE54766F}.debug|x64.ActiveCfg = debug|x64
		{E1CB83DB-1F8B-44D1-9D90-767CCE54766F}.debug|x64.Build.0 = debug|x64
		{732A9D87-D099-42C0-8874-F528757C89D9}.debug|x64.ActiveCfg = debug|x64
		{732A9D87-D099-42C0-8874-F528757C89D9}.debug|x64.Build.0 = debug|x64
		{A17C04CA-EDE2-4E35-ABB3-EA10DA94FA12}.debug|x64.ActiveCfg = debug|x64
		{A17C04CA-EDE2-4E35-ABB3-EA10DA94FA12}.debug|x64.Build.0 = debug|x64
		{360B4E11-9C99-4B93-BC48-D6A518906F83}.debug|x64.ActiveCfg = debug|x64
		{360B4E11-9C99-4B93-BC48-D6A518906F83}.debug|x64.Build.0 = debug|x64
		{67EEB211-548C-44DF-984C-47D57B7A318B}.debug|x64.ActiveCfg = debug|x64
		{67EEB211-548C-44DF-984C-47D57B7A318B}.debug|x64.Build.0 = debug|x64
		{0AB68950-0E40-46AC-BB68-A70BCABD7521}.debug|x64.ActiveCfg = debug|x64
		{0AB68950-0E40-46AC-BB68-A70BCABD7521}.debug|x64.Build.0 = debug|x64
		{BC1A04DA-A676-4D6C-9488-4225020539EE}.debug|x64.ActiveCfg = debug|x64
		{BC1A04DA-A676-4D6C-9488-4225020539EE}.debug|x64.Build.0 = debug|x64
		{843E439A-8A33-4329-A907-E4C5350FD8E1}.debug|x64.ActiveCfg = debug|x64
		{843E439A-8A33-4329-A907-E4C5350FD8E1}.debug|x64.Build.0 = debug|x64
		{3FA341AA-9DD2-4A52-8575-61F880BF2335}.debug|x64.ActiveCfg = debug|x64
		{3FA341AA-9DD2-4A52-8575-61F880BF2335}.debug|x64.Build.0 = debug|x64
		{9D190A10-4CA7-4FC9-A703-BC84DAB41B23}.debug|x64.ActiveCfg = debug|x64
		{9D190A10-4CA7-4FC9-A703-BC84DAB41B23}.debug|x64.Build.0 = debug|x64
		{7851FF0A-CCE6-4FD9-A1D3-8BD4A6F18C53}.debug|x64.ActiveCfg = debug|x64
		{7851FF0A-CCE6-4FD9-A1D3-8BD4A6F18C53}.debug|x64.Build.0 = debug|x64
		{83B68667-D9FE-4684-B60A-D8A517FDBD71}.debug|x64.ActiveCfg = debug|x64
		{83B68667-D9FE-4684-B60A-D8A517FDBD71}.debug|x64.Build.0 = debug|x64
		{BB2FC3ED-87F4-4C74-8307-63873AE01623}.debug|x64.ActiveCfg = debug|x64
		{BB2FC3ED-87F4-4C74-8307-63873AE01623}.debug|x64.Build.0 = debug|x64
		{B9777722-8631-43FD-84B0-BFE0FB09E7C4}.debug|x64.ActiveCfg = debug|x64
		{B9777722-8631-43FD-84B0-BFE0FB09E7C4}.debug|x64.Build.0 = debug|x64
		{18B42E35-8873-4C9D-BE70-5629046D56C1}.debug|x64.ActiveCfg = debug|x64
		{18B42E35-8873-4C9D-BE70-5629046D56C1}.debug|x64.Build.0 = debug|x64
		{51DBF05B-A7DD-498E-9E99-BAC64C80EA19}.debug|x64.ActiveCfg = debug|x64
		{51DBF05B-A7DD-498E-9E99-BAC64C80EA19}.debug|x64.Build.0 = debug|x64
		{E28A9058-A38A-4B76-A56D-8FCD77249E71}.debug|x64.ActiveCfg = debug|x64
		{E28A9058-A38A-4B76-A56D-8FCD77249E71}.debug|x64.Build.0 = debug|x64
		{E8117C33-36BB-4DB2-A427-B105A84490A4}.debug|x64.ActiveCfg = debug|x64
		{E8117C33-36BB-4DB2-A427-B105A84490A4}.debug|x64.Build.0 = debug|x64
		{42210745-306C-40E3-868A-22A6B9A4FB19}.debug|x64.ActiveCfg = debug|x64
		{42210745-306C-40E3-868A-22A6B9A4FB19}.debug|x64.Build.0 = debug|x64
		{24169DB8-26BF-42CB-ABDB-F675E1BD251A}.debug|x64.ActiveCfg = debug|x64
		{24169DB8-26BF-42CB-ABDB-F675E1BD251A}.debug|x64.Build.0 = debug|x64
		{E6C50876-7765-4243-A1D1-1D0EEEE8A693}.debug|x64.ActiveCfg = debug|x64
		{E6C50876-7765-4243-A1D1-1D0EEEE8A693}.debug|x64.Build.0 = debug|x64
		{A9943868-C701-4AF8-8319-08672C274DA2}.debug|x64.ActiveCfg = debug|x64
		{A9943868-C701-4AF8-8319-08672C274DA2}.debug|x64.Build.0 = debug|x64
		{26226190-DDEA-4105-ABF3-F694009B6A6B}.debug|x64.ActiveCfg = debug|x64
		{26226190-DDEA-4105-ABF3-F694009B6A6B}.debug|x64.Build.0 = debug|x64
	EndGlobalSection
	GlobalSection(SolutionProperties) = preSolution
		HideSolutionNode = FALSE
	EndGlobalSection
	GlobalSection(NestedProjects) = preSolution
		{FCB20D10-A4DE-416D-A514-BA529A6BFB28} = {1232447A-D13B-460E-A35F-E1C0D6C3CB96}
		{A415F8B1-BB6B-4AFB-9740-43E798B510AB} = {8E4F5BBE-FA44-46F5-B23D-0D771393FB34}
		{3A00A318-636B-45F7-A5B9-45F5BA57E563} = {8E4F5BBE-FA44-46F5-B23D-0D771393FB34}
		{87D401CB-6036-49B0-AE0C-99FA49DAA6E7} = {8E4F5BBE-FA44-46F5-B23D-0D771393FB34}
		{16013CE3-7D1E-4DF2-B1A0-2728F76F95AE} = {8E4F5BBE-FA44-46F5-B23D-0D771393FB34}
		{DA1B52F6-4D64-41AE-80A0-2DB44948C151} = {8E4F5BBE-FA44-46F5-B23D-0D771393FB34}
		{8E9CD1DD-3F1B-4386-8007-088B9F856E3F} = {8E4F5BBE-FA44-46F5-B23D-0D771393FB34}
		{860280C6-00A7-4CD5-9E67-CA4E9B62E3EF} = {8E4F5BBE-FA44-46F5-B23D-0D771393FB34}
		{73CC2A2E-37CF-426F-A9BA-4BF41715666D} = {8E4F5BBE-FA44-46F5-B23D-0D771393FB34}
		{843E579C-16F2-4888-9CC4-C5B70BF3A7C4} = {19FECD40-82F8-444E-8603-788D17383BA1}
		{CA493A7C-6D5C-4D7D-8E58-5409EA109E27} = {1232447A-D13B-460E-A35F-E1C0D6C3CB96}
		{E1CB83DB-1F8B-44D1-9D90-767CCE54766F} = {8E4F5BBE-FA44-46F5-B23D-0D771393FB34}
		{732A9D87-D099-42C0-8874-F528757C89D9} = {19FECD40-82F8-444E-8603-788D17383BA1}
		{A17C04CA-EDE2-4E35-ABB3-EA10DA94FA12} = {19FECD40-82F8-444E-8603-788D17383BA1}
		{360B4E11-9C99-4B93-BC48-D6A518906F83} = {19FECD40-82F8-444E-8603-788D17383BA1}
		{67EEB211-548C-44DF-984C-47D57B7A318B} = {19FECD40-82F8-444E-8603-788D17383BA1}
		{0AB68950-0E40-46AC-BB68-A70BCABD7521} = {19FECD40-82F8-444E-8603-788D17383BA1}
		{BC1A04DA-A676-4D6C-9488-4225020539EE} = {19FECD40-82F8-444E-8603-788D17383BA1}
		{843E439A-8A33-4329-A907-E4C5350FD8E1} = {19FECD40-82F8-444E-8603-788D17383BA1}
		{3FA341AA-9DD2-4A52-8575-61F880BF2335} = {8E4F5BBE-FA44-46F5-B23D-0D771393FB34}
		{9D190A10-4CA7-4FC9-A703-BC84DAB41B23} = {8E4F5BBE-FA44-46F5-B23D-0D771393FB34}
		{7851FF0A-CCE6-4FD9-A1D3-8BD4A6F18C53} = {19FECD40-82F8-444E-8603-788D17383BA1}
		{83B68667-D9FE-4684-B60A-D8A517FDBD71} = {19FECD40-82F8-444E-8603-788D17383BA1}
		{BB2FC3ED-87F4-4C74-8307-63873AE01623} = {19FECD40-82F8-444E-8603-788D17383BA1}
		{B9777722-8631-43FD-84B0-BFE0FB09E7C4} = {19FECD40-82F8-444E-8603-788D17383BA1}
		{18B42E35-8873-4C9D-BE70-5629046D56C1} = {8E4F5BBE-FA44-46F5-B23D-0D771393FB34}
		{51DBF05B-A7DD-498E-9E99-BAC64C80EA19} = {19FECD40-82F8-444E-8603-788D17383BA1}
		{E28A9058-A38A-4B76-A56D-8FCD77249E71} = {8E4F5BBE-FA44-46F5-B23D-0D771393FB34}
		{E8117C33-36BB-4DB2-A427-B105A84490A4} = {8E4F5BBE-FA44-46F5-B23D-0D771393FB34}
		{42210745-306C-40E3-868A-22A6B9A4FB19} = {8E4F5BBE-FA44-46F5-B23D-0D771393FB34}
		{24169DB8-26BF-42CB-ABDB-F675E1BD251A} = {8E4F5BBE-FA44-46F5-B23D-0D771393FB34}
		{E6C50876-7765-4243-A1D1-1D0EEEE8A693} = {19FECD40-82F8-444E-8603-788D17383BA1}
		{A9943868-C701-4AF8-8319-08672C274DA2} = {19FECD40-82F8-444E-8603-788D17383BA1}
		{26226190-DDEA-4105-ABF3-F694009B6A6B} = {19FECD40-82F8-444E-8603-788D17383BA1}
	EndGlobalSection
	GlobalSection(ExtensibilityGlobals) = postSolution
		SolutionGuid = {C0E09E78-0BCE-492A-A27C-09A7F9942DD6}
	EndGlobalSection
EndGlobal
